
Microsoft Visual Studio Solution File, Format Version 12.00
Project("{FAE04EC0-301F-11D3-BF4B-00C04F79EFBC}") = "MyProject.Web.Presentation", "MyProject.Web.Presentation\MyProject.Web.Presentation.csproj", "{55EE0433-278C-4B0E-8AEE-79B5B958B5CE}"
EndProject
Project("{FAE04EC0-301F-11D3-BF4B-00C04F79EFBC}") = "MyProject.Web.Core", "MyProject.Web.Core\MyProject.Web.Core.csproj", "{CE31FB71-7AB0-4DB1-8DF2-2B24C5078499}"
EndProject
Project("{FAE04EC0-301F-11D3-BF4B-00C04F79EFBC}") = "MyProject.Web.Infrastructure", "MyProject.Web.Infrastructure\MyProject.Web.Infrastructure.csproj", "{20E3365B-F99A-4B19-A7CF-D1F90AB94764}"
EndProject
Global
	GlobalSection(SolutionConfigurationPlatforms) = preSolution
		Debug|Any CPU = Debug|Any CPU
		Release|Any CPU = Release|Any CPU
	EndGlobalSection
	GlobalSection(ProjectConfigurationPlatforms) = postSolution
		{55EE0433-278C-4B0E-8AEE-79B5B958B5CE}.Debug|Any CPU.ActiveCfg = Debug|Any CPU
		{55EE0433-278C-4B0E-8AEE-79B5B958B5CE}.Debug|Any CPU.Build.0 = Debug|Any CPU
		{55EE0433-278C-4B0E-8AEE-79B5B958B5CE}.Release|Any CPU.ActiveCfg = Release|Any CPU
		{55EE0433-278C-4B0E-8AEE-79B5B958B5CE}.Release|Any CPU.Build.0 = Release|Any CPU
		{CE31FB71-7AB0-4DB1-8DF2-2B24C5078499}.Debug|Any CPU.ActiveCfg = Debug|Any CPU
		{CE31FB71-7AB0-4DB1-8DF2-2B24C5078499}.Debug|Any CPU.Build.0 = Debug|Any CPU
		{CE31FB71-7AB0-4DB1-8DF2-2B24C5078499}.Release|Any CPU.ActiveCfg = Release|Any CPU
		{CE31FB71-7AB0-4DB1-8DF2-2B24C5078499}.Release|Any CPU.Build.0 = Release|Any CPU
		{20E3365B-F99A-4B19-A7CF-D1F90AB94764}.Debug|Any CPU.ActiveCfg = Debug|Any CPU
		{20E3365B-F99A-4B19-A7CF-D1F90AB94764}.Debug|Any CPU.Build.0 = Debug|Any CPU
		{20E3365B-F99A-4B19-A7CF-D1F90AB94764}.Release|Any CPU.ActiveCfg = Release|Any CPU
		{20E3365B-F99A-4B19-A7CF-D1F90AB94764}.Release|Any CPU.Build.0 = Release|Any CPU
	EndGlobalSection
EndGlobal
